# Managed by azldev component update. Do not edit manually.
version = 1
import-commit = '30adc7a044e37bcc3c4a0c8bab43200c29e72764'
upstream-commit = '30adc7a044e37bcc3c4a0c8bab43200c29e72764'
manual-bump = 1
input-fingerprint = 'sha256:f3b3f72290d71b4c9cb5cb8d0341233b91743d81f67675038913a829f5d7e381'
resolution-input-hash = 'sha256:466421704711c4fd3c71f0b2ed715a0e61d49e3e26f3a2637fee755795849c8e'
