# Managed by azldev component update. Do not edit manually.
version = 1
import-commit = '6e2e13b7459340090e6d65d063d56d0ae9ffa21e'
upstream-commit = '6e2e13b7459340090e6d65d063d56d0ae9ffa21e'
manual-bump = 1
input-fingerprint = 'sha256:6c405727ef37584df136a25b1be894261cf8cb678edab626703e3856fee8e0b5'
resolution-input-hash = 'sha256:466421704711c4fd3c71f0b2ed715a0e61d49e3e26f3a2637fee755795849c8e'
