# Managed by azldev component update. Do not edit manually.
version = 1
import-commit = '0593190e13fa99b33254fd84d5ced716d56019e8'
upstream-commit = '0593190e13fa99b33254fd84d5ced716d56019e8'
manual-bump = 1
input-fingerprint = 'sha256:fd4d901d94e9c091f24139fa1a661d2e67b06f2fa19079de02918e3ee667d3f7'
resolution-input-hash = 'sha256:466421704711c4fd3c71f0b2ed715a0e61d49e3e26f3a2637fee755795849c8e'
