# Managed by azldev component update. Do not edit manually.
version = 1
import-commit = '45da626305dcb02e6f31b9d62e405f6c3ac1cc53'
upstream-commit = '45da626305dcb02e6f31b9d62e405f6c3ac1cc53'
manual-bump = 1
input-fingerprint = 'sha256:cd4794a918aae3be96e9aae91bd78aa7bba81d79972fe38085f4c5a85c7a2f10'
resolution-input-hash = 'sha256:466421704711c4fd3c71f0b2ed715a0e61d49e3e26f3a2637fee755795849c8e'
