# Managed by azldev component update. Do not edit manually.
version = 1
import-commit = '4e4933fc09faa0dfe07da1499336073ff3676442'
upstream-commit = '4e4933fc09faa0dfe07da1499336073ff3676442'
manual-bump = 1
input-fingerprint = 'sha256:152b3d383785f17223896e314e5d2d6e68a7f8ed5ef142ca57d4477664a247fd'
resolution-input-hash = 'sha256:466421704711c4fd3c71f0b2ed715a0e61d49e3e26f3a2637fee755795849c8e'
