# Managed by azldev component update. Do not edit manually.
version = 1
import-commit = 'd437400605869179e2acd539df906908d7f71f3f'
upstream-commit = 'd437400605869179e2acd539df906908d7f71f3f'
manual-bump = 1
input-fingerprint = 'sha256:c2ae6c36c098c59ded4b6d7cc0c905f1077d7243c79c449d68bf7b3704dec829'
resolution-input-hash = 'sha256:466421704711c4fd3c71f0b2ed715a0e61d49e3e26f3a2637fee755795849c8e'
