# Managed by azldev component update. Do not edit manually.
version = 1
import-commit = '5b39a9fe3fa5e0f9a635fc546e47b85301a5a59e'
upstream-commit = '5b39a9fe3fa5e0f9a635fc546e47b85301a5a59e'
manual-bump = 1
input-fingerprint = 'sha256:7ccbb6c5ea41a1635f0b201bde01adea960a565c4d6af551affb519aef1a1602'
resolution-input-hash = 'sha256:466421704711c4fd3c71f0b2ed715a0e61d49e3e26f3a2637fee755795849c8e'
