# Managed by azldev component update. Do not edit manually.
version = 1
import-commit = 'f005c4c37ef8737c1a376144dcd772ab82248569'
upstream-commit = 'f005c4c37ef8737c1a376144dcd772ab82248569'
manual-bump = 1
input-fingerprint = 'sha256:9d62599f4e8aaff29d5b6744f62a4257bf427e2bb217f3448fbe68aafd6df076'
resolution-input-hash = 'sha256:466421704711c4fd3c71f0b2ed715a0e61d49e3e26f3a2637fee755795849c8e'
