# Managed by azldev component update. Do not edit manually.
version = 1
import-commit = '040c998c36848c1ed6cbddc4703e16a823a774b4'
upstream-commit = '040c998c36848c1ed6cbddc4703e16a823a774b4'
manual-bump = 1
input-fingerprint = 'sha256:9f2ceffae27516dc09409fd88745ba877706ce5bc9a00428281352498cc98c2d'
resolution-input-hash = 'sha256:466421704711c4fd3c71f0b2ed715a0e61d49e3e26f3a2637fee755795849c8e'
