# Managed by azldev component update. Do not edit manually.
version = 1
import-commit = '2866f773b77ac51e986dee443b3286d177d80093'
upstream-commit = '2866f773b77ac51e986dee443b3286d177d80093'
manual-bump = 1
input-fingerprint = 'sha256:5e108fd17f6aa5844bb6f2a70b06e33931c0c58711de928bb6a45d3c73cacec6'
resolution-input-hash = 'sha256:466421704711c4fd3c71f0b2ed715a0e61d49e3e26f3a2637fee755795849c8e'
