# Managed by azldev component update. Do not edit manually.
version = 1
import-commit = 'e95a71869bf4417477bcd7c0e884654b21718ffa'
upstream-commit = 'e95a71869bf4417477bcd7c0e884654b21718ffa'
manual-bump = 1
input-fingerprint = 'sha256:80ad5b914b4ce9b9c07a5ab52c6b3a9e530a48a8ae26b8533ea26acd0e49e3ac'
resolution-input-hash = 'sha256:466421704711c4fd3c71f0b2ed715a0e61d49e3e26f3a2637fee755795849c8e'
