# Managed by azldev component update. Do not edit manually.
version = 1
import-commit = 'f3ef8b3c8adeb35ddddd03deb8a3091e64294953'
upstream-commit = 'f3ef8b3c8adeb35ddddd03deb8a3091e64294953'
manual-bump = 1
input-fingerprint = 'sha256:5795531bac4da6e7d577a460f8a5b20ab3cbb658a309ae098e4c11c580fc4b26'
resolution-input-hash = 'sha256:466421704711c4fd3c71f0b2ed715a0e61d49e3e26f3a2637fee755795849c8e'
