# Managed by azldev component update. Do not edit manually.
version = 1
import-commit = '30971b003251abc299888504aeca60233b7ced01'
upstream-commit = '30971b003251abc299888504aeca60233b7ced01'
manual-bump = 1
input-fingerprint = 'sha256:635578efb8b4e6782ce776cd92654f5b182b8a4c5c840976289b2e86b6fcc81c'
resolution-input-hash = 'sha256:466421704711c4fd3c71f0b2ed715a0e61d49e3e26f3a2637fee755795849c8e'
