# Managed by azldev component update. Do not edit manually.
version = 1
import-commit = '16d91ea8860f467d37b5f4966257bb51fd096031'
upstream-commit = '16d91ea8860f467d37b5f4966257bb51fd096031'
manual-bump = 1
input-fingerprint = 'sha256:971a00d5d335fdca12e2008d69926eca9d187f267f806a46623fd6bd921a7061'
resolution-input-hash = 'sha256:466421704711c4fd3c71f0b2ed715a0e61d49e3e26f3a2637fee755795849c8e'
