# Managed by azldev component update. Do not edit manually.
version = 1
import-commit = 'cf4484dc0297ba0de010e46735222c9987ba9e82'
upstream-commit = 'cf4484dc0297ba0de010e46735222c9987ba9e82'
manual-bump = 1
input-fingerprint = 'sha256:1d94d30907c949f9b0fbf62c4afa1f031cefd6e3911aa0a13b404bd8c058a853'
resolution-input-hash = 'sha256:466421704711c4fd3c71f0b2ed715a0e61d49e3e26f3a2637fee755795849c8e'
