# Managed by azldev component update. Do not edit manually.
version = 1
import-commit = '11cc984771cc46007d8df19cd9a524ba8e9bbe99'
upstream-commit = '11cc984771cc46007d8df19cd9a524ba8e9bbe99'
manual-bump = 1
input-fingerprint = 'sha256:d10b70d2af893f95c4f5ffd8ad46024b58b31525f5d0811be2caf32208238c19'
resolution-input-hash = 'sha256:466421704711c4fd3c71f0b2ed715a0e61d49e3e26f3a2637fee755795849c8e'
