# Managed by azldev component update. Do not edit manually.
version = 1
import-commit = '2099093724f3ec45cbca50f8d3d7de558d6d022f'
upstream-commit = '2099093724f3ec45cbca50f8d3d7de558d6d022f'
manual-bump = 1
input-fingerprint = 'sha256:6924e291e06cd66e17ad33c2d920f1d9256e63f2a862aefc8b5a253731ecb403'
resolution-input-hash = 'sha256:466421704711c4fd3c71f0b2ed715a0e61d49e3e26f3a2637fee755795849c8e'
