# Managed by azldev component update. Do not edit manually.
version = 1
import-commit = 'f920b3af8c24aba9b53641bf22582fb329bafbc9'
upstream-commit = 'f920b3af8c24aba9b53641bf22582fb329bafbc9'
manual-bump = 1
input-fingerprint = 'sha256:1441fdf788721adb93581cae0ed59853ba907594ae2fe03a342494579a6fc044'
resolution-input-hash = 'sha256:466421704711c4fd3c71f0b2ed715a0e61d49e3e26f3a2637fee755795849c8e'
