# Managed by azldev component update. Do not edit manually.
version = 1
import-commit = 'e012094e4c2de66991ef05f1c78157df7ee522b3'
upstream-commit = 'e012094e4c2de66991ef05f1c78157df7ee522b3'
manual-bump = 1
input-fingerprint = 'sha256:4cac9701f526cdde795f96297e3c6f63af7a777f1d3c7e67017fef361c83e0a7'
resolution-input-hash = 'sha256:466421704711c4fd3c71f0b2ed715a0e61d49e3e26f3a2637fee755795849c8e'
