# Managed by azldev component update. Do not edit manually.
version = 1
import-commit = '6d4cbf696c4d93d0d980ed28806d0012d2bbeb34'
upstream-commit = '6d4cbf696c4d93d0d980ed28806d0012d2bbeb34'
manual-bump = 1
input-fingerprint = 'sha256:5cfa4ca89a6c63a186f4989d2c7c8c2773db589e57f62279752e8130f03c7307'
resolution-input-hash = 'sha256:466421704711c4fd3c71f0b2ed715a0e61d49e3e26f3a2637fee755795849c8e'
