# Managed by azldev component update. Do not edit manually.
version = 1
import-commit = 'd657887e0e4eee4a1cc28747a52c514b90f890c7'
upstream-commit = 'd657887e0e4eee4a1cc28747a52c514b90f890c7'
manual-bump = 1
input-fingerprint = 'sha256:0a4172b42f3f40b37f62c94ff7b4c2a5e4b0d890cdcc88a2a43c5bd62b62101b'
resolution-input-hash = 'sha256:466421704711c4fd3c71f0b2ed715a0e61d49e3e26f3a2637fee755795849c8e'
