# Managed by azldev component update. Do not edit manually.
version = 1
import-commit = '56405110883bb85baafd8d5c161ecd3adddf92de'
upstream-commit = '56405110883bb85baafd8d5c161ecd3adddf92de'
manual-bump = 1
input-fingerprint = 'sha256:bd561b74e34549be75809537d74523c885b5439c6d3ba6c667a5e7755f114d7e'
resolution-input-hash = 'sha256:466421704711c4fd3c71f0b2ed715a0e61d49e3e26f3a2637fee755795849c8e'
