# Managed by azldev component update. Do not edit manually.
version = 1
import-commit = '27822741e3e8cf8e876f4915b315268a1d00d792'
upstream-commit = '27822741e3e8cf8e876f4915b315268a1d00d792'
manual-bump = 1
input-fingerprint = 'sha256:0f535b0aa6c57d5cab093c4f8c90423a3ce22071c12c4e9d4cf61efdd403beda'
resolution-input-hash = 'sha256:466421704711c4fd3c71f0b2ed715a0e61d49e3e26f3a2637fee755795849c8e'
