# Managed by azldev component update. Do not edit manually.
version = 1
import-commit = 'cf326c3fc62b1588db0c9c2bc006946d572e7636'
upstream-commit = 'cf326c3fc62b1588db0c9c2bc006946d572e7636'
manual-bump = 1
input-fingerprint = 'sha256:21748fc0d0cc755818ac303ecac1f640392f89ffe9b3ce1d882c6670bef171c1'
resolution-input-hash = 'sha256:466421704711c4fd3c71f0b2ed715a0e61d49e3e26f3a2637fee755795849c8e'
