# Managed by azldev component update. Do not edit manually.
version = 1
import-commit = 'f97da13cbff826185fa4896bf6529cc44094056d'
upstream-commit = 'f97da13cbff826185fa4896bf6529cc44094056d'
manual-bump = 1
input-fingerprint = 'sha256:7dc56f3f61258feb4dd4235dac6aa287951a3ff4b4105597a5540a90907966f4'
resolution-input-hash = 'sha256:426580b1fe1bd09ca0cce3df9b159419295509d740ff7dc101a9c2836ec2f3cf'
