# Managed by azldev component update. Do not edit manually.
version = 1
import-commit = 'f8b0585cb9d6e7266bd9af5d720e2f4b72b179fb'
upstream-commit = 'f8b0585cb9d6e7266bd9af5d720e2f4b72b179fb'
manual-bump = 1
input-fingerprint = 'sha256:a538ef89bf00a38a0bec10846f1979f308957df61d215dac235d3f7947599c1c'
resolution-input-hash = 'sha256:466421704711c4fd3c71f0b2ed715a0e61d49e3e26f3a2637fee755795849c8e'
