# Managed by azldev component update. Do not edit manually.
version = 1
import-commit = 'a3b3fc96419eceae993b6bd2a1a6d634d57f731d'
upstream-commit = 'a3b3fc96419eceae993b6bd2a1a6d634d57f731d'
manual-bump = 1
input-fingerprint = 'sha256:ecc6a54217526bec66b89cae1b0159fe4a3aecf39d72933aadca45f1c421439d'
resolution-input-hash = 'sha256:466421704711c4fd3c71f0b2ed715a0e61d49e3e26f3a2637fee755795849c8e'
