# Managed by azldev component update. Do not edit manually.
version = 1
import-commit = 'bd3a8de7db5add6f73373534d88f6e1e19326ce8'
upstream-commit = 'bd3a8de7db5add6f73373534d88f6e1e19326ce8'
manual-bump = 1
input-fingerprint = 'sha256:86ba22e8d4739c342abb4af124d7f6d6a367e9e9751d1796a2801e5fbd5312c6'
resolution-input-hash = 'sha256:466421704711c4fd3c71f0b2ed715a0e61d49e3e26f3a2637fee755795849c8e'
