# Managed by azldev component update. Do not edit manually.
version = 1
import-commit = 'fac2365e4020ef571a3cc433e7e9aa7ee70d3c00'
upstream-commit = 'fac2365e4020ef571a3cc433e7e9aa7ee70d3c00'
manual-bump = 1
input-fingerprint = 'sha256:a34fc69c21c4c4eb38021d817bfaaefdce6c3c0226c50640f1c1ddfab039e925'
resolution-input-hash = 'sha256:466421704711c4fd3c71f0b2ed715a0e61d49e3e26f3a2637fee755795849c8e'
