# Managed by azldev component update. Do not edit manually.
version = 1
import-commit = '9051e0cbb9e424bb5dcf4235d8569c8cc88d0749'
upstream-commit = '9051e0cbb9e424bb5dcf4235d8569c8cc88d0749'
manual-bump = 1
input-fingerprint = 'sha256:54c80cb755448914ad4c6a141a77b7c83d1c594f345d2f3694da469bc413eddf'
resolution-input-hash = 'sha256:466421704711c4fd3c71f0b2ed715a0e61d49e3e26f3a2637fee755795849c8e'
