# Managed by azldev component update. Do not edit manually.
version = 1
import-commit = '74c8704e21cbca1c1fbfcc8cc97bfc0acd61b7dd'
upstream-commit = '74c8704e21cbca1c1fbfcc8cc97bfc0acd61b7dd'
manual-bump = 1
input-fingerprint = 'sha256:07fd3e2bd8e3bb8ba6dcba5968989288c433d22eed04d652442233c582f15813'
resolution-input-hash = 'sha256:466421704711c4fd3c71f0b2ed715a0e61d49e3e26f3a2637fee755795849c8e'
