# Managed by azldev component update. Do not edit manually.
version = 1
import-commit = '2dee54e9c6ff04e68c9c6e13d117be1f0176e50e'
upstream-commit = '2dee54e9c6ff04e68c9c6e13d117be1f0176e50e'
manual-bump = 1
input-fingerprint = 'sha256:538a04e5780b5d3fc567632ff81e0fa6a3e53de5dbc18a0444854b33820d1551'
resolution-input-hash = 'sha256:466421704711c4fd3c71f0b2ed715a0e61d49e3e26f3a2637fee755795849c8e'
