# Managed by azldev component update. Do not edit manually.
version = 1
import-commit = '330d0d9977fe371ec4c14f03d693c6943d023586'
upstream-commit = '330d0d9977fe371ec4c14f03d693c6943d023586'
manual-bump = 1
input-fingerprint = 'sha256:2473325caba829c399d8f62b82a7256c8df7fe00351373f09ec8304cb32ecdb3'
resolution-input-hash = 'sha256:466421704711c4fd3c71f0b2ed715a0e61d49e3e26f3a2637fee755795849c8e'
