# Managed by azldev component update. Do not edit manually.
version = 1
import-commit = '738c8b3b75dae5380e44eb938565278fda552e70'
upstream-commit = '738c8b3b75dae5380e44eb938565278fda552e70'
manual-bump = 2
input-fingerprint = 'sha256:12c7da3393ad0f3c8aff846668c3e4e9d232179c791ceb84e782deab66623ae0'
resolution-input-hash = 'sha256:466421704711c4fd3c71f0b2ed715a0e61d49e3e26f3a2637fee755795849c8e'
