# Managed by azldev component update. Do not edit manually.
version = 1
import-commit = 'f4e90e35b0fe1c7cd96b672ca7ce8ad40abda0e5'
upstream-commit = 'f4e90e35b0fe1c7cd96b672ca7ce8ad40abda0e5'
manual-bump = 1
input-fingerprint = 'sha256:e16d13cc896f13061c8e846929c455fb1c0907e944f3a35ba0fac9e0396a5ade'
resolution-input-hash = 'sha256:466421704711c4fd3c71f0b2ed715a0e61d49e3e26f3a2637fee755795849c8e'
