# Managed by azldev component update. Do not edit manually.
version = 1
import-commit = 'd812d661be0ab0fb3bf2e9a5616c89614a206ff1'
upstream-commit = 'd812d661be0ab0fb3bf2e9a5616c89614a206ff1'
manual-bump = 1
input-fingerprint = 'sha256:15f572493da181be70cc762fb5be69a0a97d23899f0aaf6841a3a19de2347569'
resolution-input-hash = 'sha256:466421704711c4fd3c71f0b2ed715a0e61d49e3e26f3a2637fee755795849c8e'
