# Managed by azldev component update. Do not edit manually.
version = 1
import-commit = 'ebb36794a2c6e53ad0533f5a7725ecb67c5e6d7c'
upstream-commit = 'ebb36794a2c6e53ad0533f5a7725ecb67c5e6d7c'
manual-bump = 1
input-fingerprint = 'sha256:0db481fb1d84207191e3e33f1d649bca6136b9808dac81634967269ad5c038af'
resolution-input-hash = 'sha256:466421704711c4fd3c71f0b2ed715a0e61d49e3e26f3a2637fee755795849c8e'
