# Managed by azldev component update. Do not edit manually.
version = 1
import-commit = 'f0b5c64ee624ba4328eac2ccd9d4b9b244a220ba'
upstream-commit = 'f0b5c64ee624ba4328eac2ccd9d4b9b244a220ba'
manual-bump = 1
input-fingerprint = 'sha256:554c83dd0947b2f9931aa46a7b1b4585181362720c9aebfbc0ec029830b222a3'
resolution-input-hash = 'sha256:466421704711c4fd3c71f0b2ed715a0e61d49e3e26f3a2637fee755795849c8e'
