# Managed by azldev component update. Do not edit manually.
version = 1
import-commit = '75d2e7417a5a75752bfa0ea242d6ba5487bf2a67'
upstream-commit = '75d2e7417a5a75752bfa0ea242d6ba5487bf2a67'
manual-bump = 1
input-fingerprint = 'sha256:bda7cf4819b77522af0183b968f91fef9d58eb95dfc793128883690d1e1c85ec'
resolution-input-hash = 'sha256:466421704711c4fd3c71f0b2ed715a0e61d49e3e26f3a2637fee755795849c8e'
