# Managed by azldev component update. Do not edit manually.
version = 1
import-commit = '931bd74d95e5d3ad0954e03bd75e90e8c274b391'
upstream-commit = '931bd74d95e5d3ad0954e03bd75e90e8c274b391'
manual-bump = 1
input-fingerprint = 'sha256:a6765f1d62717b91f18f2ff5cbe32016686bfba4175d9eac34b33382497b8e58'
resolution-input-hash = 'sha256:466421704711c4fd3c71f0b2ed715a0e61d49e3e26f3a2637fee755795849c8e'
