# Managed by azldev component update. Do not edit manually.
version = 1
import-commit = 'd62e540f04eac3917395d08c3cf2b1c949719639'
upstream-commit = 'd62e540f04eac3917395d08c3cf2b1c949719639'
manual-bump = 1
input-fingerprint = 'sha256:c1052b6d2688cb8cc6bbac88e8de28340f644f36b28dd2475a0bf4bb48ce95c4'
resolution-input-hash = 'sha256:466421704711c4fd3c71f0b2ed715a0e61d49e3e26f3a2637fee755795849c8e'
