# Managed by azldev component update. Do not edit manually.
version = 1
import-commit = '66b4dd09782f23900e04dc2a93470c6ef8a02537'
upstream-commit = '66b4dd09782f23900e04dc2a93470c6ef8a02537'
manual-bump = 1
input-fingerprint = 'sha256:e70510241f1284f60f97479764ff083999d23e5f259ff677081aedd2e0a36b40'
resolution-input-hash = 'sha256:466421704711c4fd3c71f0b2ed715a0e61d49e3e26f3a2637fee755795849c8e'
