# Managed by azldev component update. Do not edit manually.
version = 1
import-commit = '7f2af0b2f85daa4dbc1ad401bc1ef00a39650762'
upstream-commit = '7f2af0b2f85daa4dbc1ad401bc1ef00a39650762'
manual-bump = 1
input-fingerprint = 'sha256:c79a77ec819546905d44fe091910b82e552b63960d282c86750cceabdc0bf92c'
resolution-input-hash = 'sha256:466421704711c4fd3c71f0b2ed715a0e61d49e3e26f3a2637fee755795849c8e'
