# Managed by azldev component update. Do not edit manually.
version = 1
import-commit = 'e35f8a951da35dd47365a6fcfa4b9fb24fe61313'
upstream-commit = 'e35f8a951da35dd47365a6fcfa4b9fb24fe61313'
manual-bump = 1
input-fingerprint = 'sha256:8726b3b6ae2947c45a10ad6a3a381c751b38d6587fa24e0d8a982584314981e9'
resolution-input-hash = 'sha256:466421704711c4fd3c71f0b2ed715a0e61d49e3e26f3a2637fee755795849c8e'
