# Managed by azldev component update. Do not edit manually.
version = 1
import-commit = '7cf7b2877ad58087552b2b8b46311b45f95071f8'
upstream-commit = '7cf7b2877ad58087552b2b8b46311b45f95071f8'
manual-bump = 1
input-fingerprint = 'sha256:218cffd63b57353ef5977f1e32ac2709b389a0b4a34cac763694c41db6e29be6'
resolution-input-hash = 'sha256:466421704711c4fd3c71f0b2ed715a0e61d49e3e26f3a2637fee755795849c8e'
