# Managed by azldev component update. Do not edit manually.
version = 1
import-commit = '9cb6d6db0d54740db900ea3e5491cdced464bf14'
upstream-commit = '9cb6d6db0d54740db900ea3e5491cdced464bf14'
manual-bump = 1
input-fingerprint = 'sha256:d82604a444bf0bbfe497892cc33382f8db7fabd441442d31bbe7fa8eb7f713d0'
resolution-input-hash = 'sha256:466421704711c4fd3c71f0b2ed715a0e61d49e3e26f3a2637fee755795849c8e'
