# Managed by azldev component update. Do not edit manually.
version = 1
import-commit = 'fac8417de4014feb12351fd262b891f683432db7'
upstream-commit = 'fac8417de4014feb12351fd262b891f683432db7'
manual-bump = 1
input-fingerprint = 'sha256:a6d5f832078f5ed30250500075471f43e2cf3d5cd34fc4fdace04dc7aa5d20e8'
resolution-input-hash = 'sha256:466421704711c4fd3c71f0b2ed715a0e61d49e3e26f3a2637fee755795849c8e'
