# Managed by azldev component update. Do not edit manually.
version = 1
import-commit = '198a0a3a905f6a71b9f84974dd00d0c1825269c4'
upstream-commit = '198a0a3a905f6a71b9f84974dd00d0c1825269c4'
manual-bump = 1
input-fingerprint = 'sha256:07790dbd27f00e041c04f0c5386b6ed8c2182474cbf0c459ba536d1c31919025'
resolution-input-hash = 'sha256:466421704711c4fd3c71f0b2ed715a0e61d49e3e26f3a2637fee755795849c8e'
