# Managed by azldev component update. Do not edit manually.
version = 1
import-commit = 'ca80ba5cd038c0bd48273bfe16f3f2ba89c098cc'
upstream-commit = 'ca80ba5cd038c0bd48273bfe16f3f2ba89c098cc'
manual-bump = 1
input-fingerprint = 'sha256:1ef92f0759b991179460784ccfe057a1619f445d72ef9d7cd7b21a18538f35b4'
resolution-input-hash = 'sha256:466421704711c4fd3c71f0b2ed715a0e61d49e3e26f3a2637fee755795849c8e'
