# Managed by azldev component update. Do not edit manually.
version = 1
import-commit = '64a2e867744f9e4a21a0f9d8b00a3f3fe33432a9'
upstream-commit = '64a2e867744f9e4a21a0f9d8b00a3f3fe33432a9'
manual-bump = 1
input-fingerprint = 'sha256:d1a5a9f36b02cbccc69a68a0c742ab4ec6574b32fcdae791eb73a20a55f5916d'
resolution-input-hash = 'sha256:466421704711c4fd3c71f0b2ed715a0e61d49e3e26f3a2637fee755795849c8e'
