# Managed by azldev component update. Do not edit manually.
version = 1
import-commit = '7648f324beee1054b68eb0c9d5be0e3c44347ec7'
upstream-commit = '7648f324beee1054b68eb0c9d5be0e3c44347ec7'
manual-bump = 1
input-fingerprint = 'sha256:b88f28449f561201607310e3419ece8f7580fce3b21168dadb5dd17e4fcbf230'
resolution-input-hash = 'sha256:466421704711c4fd3c71f0b2ed715a0e61d49e3e26f3a2637fee755795849c8e'
