# Managed by azldev component update. Do not edit manually.
version = 1
import-commit = 'c141ef7aeb8e37b59ea822858229b4437ea2dd8d'
upstream-commit = 'c141ef7aeb8e37b59ea822858229b4437ea2dd8d'
manual-bump = 1
input-fingerprint = 'sha256:e9f1c1bc41d71a2f741d8c697d8a960b075976f910daf07ff020d43193fb6c9e'
resolution-input-hash = 'sha256:466421704711c4fd3c71f0b2ed715a0e61d49e3e26f3a2637fee755795849c8e'
