# Managed by azldev component update. Do not edit manually.
version = 1
import-commit = 'e025ec1b8d9e61a88c1732900a82435fc8c3623c'
upstream-commit = 'e025ec1b8d9e61a88c1732900a82435fc8c3623c'
manual-bump = 1
input-fingerprint = 'sha256:9ccda2053a8b85ad1f7b6e9a9a3a3aaeaaf14b937b86acac870fcfb3dd5f6eb5'
resolution-input-hash = 'sha256:466421704711c4fd3c71f0b2ed715a0e61d49e3e26f3a2637fee755795849c8e'
