# Managed by azldev component update. Do not edit manually.
version = 1
import-commit = 'b78e065d85d34993eb0af821bc131dc3d01df1f7'
upstream-commit = 'b78e065d85d34993eb0af821bc131dc3d01df1f7'
manual-bump = 1
input-fingerprint = 'sha256:b6525bf5e8c24b279cbce3a65e2bb6c2dcfb30f4193da1edc90dc0469451e8a4'
resolution-input-hash = 'sha256:466421704711c4fd3c71f0b2ed715a0e61d49e3e26f3a2637fee755795849c8e'
