# Managed by azldev component update. Do not edit manually.
version = 1
import-commit = '2da6c7abaf3a57e132220fd5f7a8e45aed64416c'
upstream-commit = '2da6c7abaf3a57e132220fd5f7a8e45aed64416c'
manual-bump = 1
input-fingerprint = 'sha256:ec20c70daf695929e5727984923defca09cbf1a61a6a26934223bf8e6e839b38'
resolution-input-hash = 'sha256:466421704711c4fd3c71f0b2ed715a0e61d49e3e26f3a2637fee755795849c8e'
