# Managed by azldev component update. Do not edit manually.
version = 1
import-commit = '1b9f677d8c5f589439daa55ed5b3a1db4f46dc64'
upstream-commit = '1b9f677d8c5f589439daa55ed5b3a1db4f46dc64'
manual-bump = 1
input-fingerprint = 'sha256:a2048db603150d580412d44162a7d1c2c829ee119f3ac18266cd0ad620dc81b5'
resolution-input-hash = 'sha256:466421704711c4fd3c71f0b2ed715a0e61d49e3e26f3a2637fee755795849c8e'
