# Managed by azldev component update. Do not edit manually.
version = 1
import-commit = 'bd345e06765082bee8fba2521993a231d145743d'
upstream-commit = 'bd345e06765082bee8fba2521993a231d145743d'
manual-bump = 1
input-fingerprint = 'sha256:897c147b5c6236a8434a251b61bb51184039ff569501fae36bf6b96971340628'
resolution-input-hash = 'sha256:466421704711c4fd3c71f0b2ed715a0e61d49e3e26f3a2637fee755795849c8e'
