# Managed by azldev component update. Do not edit manually.
version = 1
import-commit = '4a47d97c247da04e032a3f4c313975ea316d1bae'
upstream-commit = '4a47d97c247da04e032a3f4c313975ea316d1bae'
manual-bump = 1
input-fingerprint = 'sha256:61aef44a7614822435a53b1cc077ef64c52e4ecfecce78f596602e7fe8e85103'
resolution-input-hash = 'sha256:466421704711c4fd3c71f0b2ed715a0e61d49e3e26f3a2637fee755795849c8e'
