# Managed by azldev component update. Do not edit manually.
version = 1
import-commit = '7e5a1f61b6514aa9bd7d151944435c7ab629fe2b'
upstream-commit = '7e5a1f61b6514aa9bd7d151944435c7ab629fe2b'
manual-bump = 1
input-fingerprint = 'sha256:aca8ff13dd7edbe7b910e39e629bbfd971d165eb6d13ae82a75df5f203f5bab1'
resolution-input-hash = 'sha256:466421704711c4fd3c71f0b2ed715a0e61d49e3e26f3a2637fee755795849c8e'
