# Managed by azldev component update. Do not edit manually.
version = 1
import-commit = '345aed4a1b8bfcacabfebf59b6279e0e9ac12ce8'
upstream-commit = '345aed4a1b8bfcacabfebf59b6279e0e9ac12ce8'
manual-bump = 1
input-fingerprint = 'sha256:bd1423be591ea8e41cf956f4f476fd4dbbfa415549d2b75a3a27cffabac5e708'
resolution-input-hash = 'sha256:466421704711c4fd3c71f0b2ed715a0e61d49e3e26f3a2637fee755795849c8e'
