# Managed by azldev component update. Do not edit manually.
version = 1
import-commit = '59c43f2aea8df675b8e814a003accc6c8a165f0b'
upstream-commit = '59c43f2aea8df675b8e814a003accc6c8a165f0b'
manual-bump = 1
input-fingerprint = 'sha256:3af5022a93c5061b3b1487b59d2f6428a1f728f2776f270b5b2b73c55ecb5ef6'
resolution-input-hash = 'sha256:466421704711c4fd3c71f0b2ed715a0e61d49e3e26f3a2637fee755795849c8e'
