# Managed by azldev component update. Do not edit manually.
version = 1
import-commit = '6b8ac724f1d66f5d2a516dfa11a51bf5950f0e58'
upstream-commit = '6b8ac724f1d66f5d2a516dfa11a51bf5950f0e58'
manual-bump = 1
input-fingerprint = 'sha256:cb435fcb853d47f5ec2308282157562bce2eda8e3ad489a148652f5f17680b8f'
resolution-input-hash = 'sha256:466421704711c4fd3c71f0b2ed715a0e61d49e3e26f3a2637fee755795849c8e'
