# Managed by azldev component update. Do not edit manually.
version = 1
import-commit = '15a411c2132b141bbb3455c64b7e1165cb31dd6b'
upstream-commit = '15a411c2132b141bbb3455c64b7e1165cb31dd6b'
manual-bump = 1
input-fingerprint = 'sha256:0ab86cba37d98aeb3c62f0f55d6c8346ffb83f8e10580e4ece0d5b1215d1bde4'
resolution-input-hash = 'sha256:466421704711c4fd3c71f0b2ed715a0e61d49e3e26f3a2637fee755795849c8e'
