# Managed by azldev component update. Do not edit manually.
version = 1
import-commit = '09c3083e35e48b0d3a1200c2920bc5d6926d9ec2'
upstream-commit = '09c3083e35e48b0d3a1200c2920bc5d6926d9ec2'
manual-bump = 1
input-fingerprint = 'sha256:4a8a6f7992b6c83a773f25eebb26f26fb6abbe9b11f27806ff9a9bc837c7114a'
resolution-input-hash = 'sha256:466421704711c4fd3c71f0b2ed715a0e61d49e3e26f3a2637fee755795849c8e'
