# Managed by azldev component update. Do not edit manually.
version = 1
import-commit = 'abf9df090fbc09574bf1b64228520159a5318def'
upstream-commit = 'abf9df090fbc09574bf1b64228520159a5318def'
manual-bump = 1
input-fingerprint = 'sha256:2c1025aa4ae0922b62a9772cb798c8589bce66c03a26632ef622a5e4cfa3ac87'
resolution-input-hash = 'sha256:466421704711c4fd3c71f0b2ed715a0e61d49e3e26f3a2637fee755795849c8e'
