# Managed by azldev component update. Do not edit manually.
version = 1
import-commit = 'ede8805038d39de7f3e69629c2db98d5267d838a'
upstream-commit = 'ede8805038d39de7f3e69629c2db98d5267d838a'
manual-bump = 1
input-fingerprint = 'sha256:a33a1d7e76ed1ccb6ac91708c8b62a3e10d665f3163df7395d4ead80fff63636'
resolution-input-hash = 'sha256:466421704711c4fd3c71f0b2ed715a0e61d49e3e26f3a2637fee755795849c8e'
