# Managed by azldev component update. Do not edit manually.
version = 1
import-commit = '05bc96eed0f7e2ff49a66be5c2c74be3e61cb820'
upstream-commit = '05bc96eed0f7e2ff49a66be5c2c74be3e61cb820'
manual-bump = 1
input-fingerprint = 'sha256:3521a43cdf4086e7b6a086dc1f02f07e4935a8e2fa802191664f2aa8b343bd3d'
resolution-input-hash = 'sha256:466421704711c4fd3c71f0b2ed715a0e61d49e3e26f3a2637fee755795849c8e'
